
Microsoft Visual Studio Solution File, Format Version 12.00
# Visual Studio 15
VisualStudioVersion = 15.0.28307.1684
MinimumVisualStudioVersion = 10.0.40219.1
Project("{FAE04EC0-301F-11D3-BF4B-00C04F79EFBC}") = "GestordeClientesCMD", "GestordeClientesCMD\GestordeClientesCMD.csproj", "{A112D243-ACC4-4313-8ABE-92CD6A490522}"
EndProject
Global
	GlobalSection(SolutionConfigurationPlatforms) = preSolution
		Debug|Any CPU = Debug|Any CPU
		Release|Any CPU = Release|Any CPU
	EndGlobalSection
	GlobalSection(ProjectConfigurationPlatforms) = postSolution
		{A112D243-ACC4-4313-8ABE-92CD6A490522}.Debug|Any CPU.ActiveCfg = Debug|Any CPU
		{A112D243-ACC4-4313-8ABE-92CD6A490522}.Debug|Any CPU.Build.0 = Debug|Any CPU
		{A112D243-ACC4-4313-8ABE-92CD6A490522}.Release|Any CPU.ActiveCfg = Release|Any CPU
		{A112D243-ACC4-4313-8ABE-92CD6A490522}.Release|Any CPU.Build.0 = Release|Any CPU
	EndGlobalSection
	GlobalSection(SolutionProperties) = preSolution
		HideSolutionNode = FALSE
	EndGlobalSection
	GlobalSection(ExtensibilityGlobals) = postSolution
		SolutionGuid = {222A26F5-BCF7-471E-BB8F-6715FF9E5085}
	EndGlobalSection
EndGlobal
